// !$*UTF8*$!
{
	archiveVersion = 1;
	classes = {
	};
	objectVersion = 56;
	objects = {

/* Begin PBXBuildFile section */
		0E1B6C4E293D9AD500A9CEBB /* RecipiesJSON.swift in Sources */ = {isa = PBXBuildFile; fileRef = 0E1B6C4D293D9AD500A9CEBB /* RecipiesJSON.swift */; };
		0E1B6C51293DA5BB00A9CEBB /* Recipie.swift in Sources */ = {isa = PBXBuildFile; fileRef = 0E1B6C50293DA5BB00A9CEBB /* Recipie.swift */; };
		0E1B6C53293DEDC200A9CEBB /* RecipiesService.swift in Sources */ = {isa = PBXBuildFile; fileRef = 0E1B6C52293DEDC200A9CEBB /* RecipiesService.swift */; };
		0E1B6C55293E00AF00A9CEBB /* NetworkError.swift in Sources */ = {isa = PBXBuildFile; fileRef = 0E1B6C54293E00AF00A9CEBB /* NetworkError.swift */; };
		0E1B6C58293F030800A9CEBB /* ResumeViewController.swift in Sources */ = {isa = PBXBuildFile; fileRef = 0E1B6C57293F030800A9CEBB /* ResumeViewController.swift */; };
		0E41F7D62939C05E000B6630 /* AppDelegate.swift in Sources */ = {isa = PBXBuildFile; fileRef = 0E41F7D52939C05E000B6630 /* AppDelegate.swift */; };
		0E41F7D82939C05E000B6630 /* SceneDelegate.swift in Sources */ = {isa = PBXBuildFile; fileRef = 0E41F7D72939C05E000B6630 /* SceneDelegate.swift */; };
		0E41F7DA2939C05E000B6630 /* ViewController.swift in Sources */ = {isa = PBXBuildFile; fileRef = 0E41F7D92939C05E000B6630 /* ViewController.swift */; };
		0E41F7DD2939C05E000B6630 /* Main.storyboard in Resources */ = {isa = PBXBuildFile; fileRef = 0E41F7DB2939C05E000B6630 /* Main.storyboard */; };
		0E41F7E02939C05E000B6630 /* Reciplease.xcdatamodeld in Sources */ = {isa = PBXBuildFile; fileRef = 0E41F7DE2939C05E000B6630 /* Reciplease.xcdatamodeld */; };
		0E41F7E22939C05F000B6630 /* Assets.xcassets in Resources */ = {isa = PBXBuildFile; fileRef = 0E41F7E12939C05F000B6630 /* Assets.xcassets */; };
		0E41F7E52939C05F000B6630 /* LaunchScreen.storyboard in Resources */ = {isa = PBXBuildFile; fileRef = 0E41F7E32939C05F000B6630 /* LaunchScreen.storyboard */; };
		0E41F7F3293A0439000B6630 /* ExtensionsView.swift in Sources */ = {isa = PBXBuildFile; fileRef = 0E41F7F2293A0439000B6630 /* ExtensionsView.swift */; };
		0E41F7F7293A0567000B6630 /* TabBarView.swift in Sources */ = {isa = PBXBuildFile; fileRef = 0E41F7F6293A0567000B6630 /* TabBarView.swift */; };
		0E41F7FA293A350A000B6630 /* RecipiesListViewController.swift in Sources */ = {isa = PBXBuildFile; fileRef = 0E41F7F9293A350A000B6630 /* RecipiesListViewController.swift */; };
		0E41F81F293CCB37000B6630 /* RecipiesTableViewCell.swift in Sources */ = {isa = PBXBuildFile; fileRef = 0E41F81E293CCB37000B6630 /* RecipiesTableViewCell.swift */; };
		0EBE9F4D29402AC400843F55 /* Favorites.swift in Sources */ = {isa = PBXBuildFile; fileRef = 0EBE9F4C29402AC400843F55 /* Favorites.swift */; };
		0EBE9FC02940BCD400843F55 /* FavoritesRepository.swift in Sources */ = {isa = PBXBuildFile; fileRef = 0EBE9FBF2940BCD400843F55 /* FavoritesRepository.swift */; };
/* End PBXBuildFile section */

/* Begin PBXFileReference section */
		0E1B6C4D293D9AD500A9CEBB /* RecipiesJSON.swift */ = {isa = PBXFileReference; lastKnownFileType = sourcecode.swift; path = RecipiesJSON.swift; sourceTree = "<group>"; };
		0E1B6C50293DA5BB00A9CEBB /* Recipie.swift */ = {isa = PBXFileReference; lastKnownFileType = sourcecode.swift; path = Recipie.swift; sourceTree = "<group>"; };
		0E1B6C52293DEDC200A9CEBB /* RecipiesService.swift */ = {isa = PBXFileReference; lastKnownFileType = sourcecode.swift; path = RecipiesService.swift; sourceTree = "<group>"; };
		0E1B6C54293E00AF00A9CEBB /* NetworkError.swift */ = {isa = PBXFileReference; lastKnownFileType = sourcecode.swift; path = NetworkError.swift; sourceTree = "<group>"; };
		0E1B6C57293F030800A9CEBB /* ResumeViewController.swift */ = {isa = PBXFileReference; lastKnownFileType = sourcecode.swift; path = ResumeViewController.swift; sourceTree = "<group>"; };
		0E41F7D22939C05E000B6630 /* Reciplease.app */ = {isa = PBXFileReference; explicitFileType = wrapper.application; includeInIndex = 0; path = Reciplease.app; sourceTree = BUILT_PRODUCTS_DIR; };
		0E41F7D52939C05E000B6630 /* AppDelegate.swift */ = {isa = PBXFileReference; lastKnownFileType = sourcecode.swift; path = AppDelegate.swift; sourceTree = "<group>"; };
		0E41F7D72939C05E000B6630 /* SceneDelegate.swift */ = {isa = PBXFileReference; lastKnownFileType = sourcecode.swift; path = SceneDelegate.swift; sourceTree = "<group>"; };
		0E41F7D92939C05E000B6630 /* ViewController.swift */ = {isa = PBXFileReference; lastKnownFileType = sourcecode.swift; path = ViewController.swift; sourceTree = "<group>"; };
		0E41F7DC2939C05E000B6630 /* Base */ = {isa = PBXFileReference; lastKnownFileType = file.storyboard; name = Base; path = Base.lproj/Main.storyboard; sourceTree = "<group>"; };
		0E41F7DF2939C05E000B6630 /* Reciplease.xcdatamodel */ = {isa = PBXFileReference; lastKnownFileType = wrapper.xcdatamodel; path = Reciplease.xcdatamodel; sourceTree = "<group>"; };
		0E41F7E12939C05F000B6630 /* Assets.xcassets */ = {isa = PBXFileReference; lastKnownFileType = folder.assetcatalog; path = Assets.xcassets; sourceTree = "<group>"; };
		0E41F7E42939C05F000B6630 /* Base */ = {isa = PBXFileReference; lastKnownFileType = file.storyboard; name = Base; path = Base.lproj/LaunchScreen.storyboard; sourceTree = "<group>"; };
		0E41F7E62939C05F000B6630 /* Info.plist */ = {isa = PBXFileReference; lastKnownFileType = text.plist.xml; path = Info.plist; sourceTree = "<group>"; };
		0E41F7F2293A0439000B6630 /* ExtensionsView.swift */ = {isa = PBXFileReference; lastKnownFileType = sourcecode.swift; path = ExtensionsView.swift; sourceTree = "<group>"; };
		0E41F7F6293A0567000B6630 /* TabBarView.swift */ = {isa = PBXFileReference; lastKnownFileType = sourcecode.swift; path = TabBarView.swift; sourceTree = "<group>"; };
		0E41F7F9293A350A000B6630 /* RecipiesListViewController.swift */ = {isa = PBXFileReference; lastKnownFileType = sourcecode.swift; path = RecipiesListViewController.swift; sourceTree = "<group>"; };
		0E41F81E293CCB37000B6630 /* RecipiesTableViewCell.swift */ = {isa = PBXFileReference; lastKnownFileType = sourcecode.swift; path = RecipiesTableViewCell.swift; sourceTree = "<group>"; };
		0EBE9F4C29402AC400843F55 /* Favorites.swift */ = {isa = PBXFileReference; lastKnownFileType = sourcecode.swift; path = Favorites.swift; sourceTree = "<group>"; };
		0EBE9FBF2940BCD400843F55 /* FavoritesRepository.swift */ = {isa = PBXFileReference; lastKnownFileType = sourcecode.swift; path = FavoritesRepository.swift; sourceTree = "<group>"; };
/* End PBXFileReference section */

/* Begin PBXFrameworksBuildPhase section */
		0E41F7CF2939C05E000B6630 /* Frameworks */ = {
			isa = PBXFrameworksBuildPhase;
			buildActionMask = 2147483647;
			files = (
			);
			runOnlyForDeploymentPostprocessing = 0;
		};
/* End PBXFrameworksBuildPhase section */

/* Begin PBXGroup section */
		0E1B6C56293E00B500A9CEBB /* Helpers */ = {
			isa = PBXGroup;
			children = (
				0E1B6C54293E00AF00A9CEBB /* NetworkError.swift */,
			);
			path = Helpers;
			sourceTree = "<group>";
		};
		0E41F7C92939C05E000B6630 = {
			isa = PBXGroup;
			children = (
				0E41F7D42939C05E000B6630 /* Reciplease */,
				0E41F7D32939C05E000B6630 /* Products */,
			);
			sourceTree = "<group>";
		};
		0E41F7D32939C05E000B6630 /* Products */ = {
			isa = PBXGroup;
			children = (
				0E41F7D22939C05E000B6630 /* Reciplease.app */,
			);
			name = Products;
			sourceTree = "<group>";
		};
		0E41F7D42939C05E000B6630 /* Reciplease */ = {
			isa = PBXGroup;
			children = (
				0E1B6C56293E00B500A9CEBB /* Helpers */,
				0E41F7EE2939C1A4000B6630 /* Controller */,
				0E41F7ED2939C1A0000B6630 /* View */,
				0E41F7EC2939C199000B6630 /* Model */,
				0E41F7E12939C05F000B6630 /* Assets.xcassets */,
				0E41F7E62939C05F000B6630 /* Info.plist */,
				0E41F7EF2939C1AD000B6630 /* Supporting Files */,
			);
			path = Reciplease;
			sourceTree = "<group>";
		};
		0E41F7EC2939C199000B6630 /* Model */ = {
			isa = PBXGroup;
			children = (
				0E41F7F02939C1B4000B6630 /* CoreData */,
				0E41F7F12939C1BA000B6630 /* APICalls */,
				0E1B6C50293DA5BB00A9CEBB /* Recipie.swift */,
				0E1B6C4D293D9AD500A9CEBB /* RecipiesJSON.swift */,
				0E1B6C52293DEDC200A9CEBB /* RecipiesService.swift */,
			);
			path = Model;
			sourceTree = "<group>";
		};
		0E41F7ED2939C1A0000B6630 /* View */ = {
			isa = PBXGroup;
			children = (
				0E41F7F8293A0573000B6630 /* Extensions */,
				0E41F7E32939C05F000B6630 /* LaunchScreen.storyboard */,
				0E41F7DB2939C05E000B6630 /* Main.storyboard */,
				0E41F7F6293A0567000B6630 /* TabBarView.swift */,
				0E41F81E293CCB37000B6630 /* RecipiesTableViewCell.swift */,
			);
			path = View;
			sourceTree = "<group>";
		};
		0E41F7EE2939C1A4000B6630 /* Controller */ = {
			isa = PBXGroup;
			children = (
				0E41F7D92939C05E000B6630 /* ViewController.swift */,
				0E41F7F9293A350A000B6630 /* RecipiesListViewController.swift */,
				0E1B6C57293F030800A9CEBB /* ResumeViewController.swift */,
			);
			path = Controller;
			sourceTree = "<group>";
		};
		0E41F7EF2939C1AD000B6630 /* Supporting Files */ = {
			isa = PBXGroup;
			children = (
				0E41F7D72939C05E000B6630 /* SceneDelegate.swift */,
				0E41F7D52939C05E000B6630 /* AppDelegate.swift */,
			);
			path = "Supporting Files";
			sourceTree = "<group>";
		};
		0E41F7F02939C1B4000B6630 /* CoreData */ = {
			isa = PBXGroup;
			children = (
				0E41F7DE2939C05E000B6630 /* Reciplease.xcdatamodeld */,
				0EBE9F4C29402AC400843F55 /* Favorites.swift */,
				0EBE9FBF2940BCD400843F55 /* FavoritesRepository.swift */,
			);
			path = CoreData;
			sourceTree = "<group>";
		};
		0E41F7F12939C1BA000B6630 /* APICalls */ = {
			isa = PBXGroup;
			children = (
			);
			path = APICalls;
			sourceTree = "<group>";
		};
		0E41F7F8293A0573000B6630 /* Extensions */ = {
			isa = PBXGroup;
			children = (
				0E41F7F2293A0439000B6630 /* ExtensionsView.swift */,
			);
			path = Extensions;
			sourceTree = "<group>";
		};
/* End PBXGroup section */

/* Begin PBXNativeTarget section */
		0E41F7D12939C05E000B6630 /* Reciplease */ = {
			isa = PBXNativeTarget;
			buildConfigurationList = 0E41F7E92939C05F000B6630 /* Build configuration list for PBXNativeTarget "Reciplease" */;
			buildPhases = (
				0E41F7CE2939C05E000B6630 /* Sources */,
				0E41F7CF2939C05E000B6630 /* Frameworks */,
				0E41F7D02939C05E000B6630 /* Resources */,
			);
			buildRules = (
			);
			dependencies = (
			);
			name = Reciplease;
			productName = Reciplease;
			productReference = 0E41F7D22939C05E000B6630 /* Reciplease.app */;
			productType = "com.apple.product-type.application";
		};
/* End PBXNativeTarget section */

/* Begin PBXProject section */
		0E41F7CA2939C05E000B6630 /* Project object */ = {
			isa = PBXProject;
			attributes = {
				BuildIndependentTargetsInParallel = 1;
				LastSwiftUpdateCheck = 1410;
				LastUpgradeCheck = 1410;
				TargetAttributes = {
					0E41F7D12939C05E000B6630 = {
						CreatedOnToolsVersion = 14.1;
					};
				};
			};
			buildConfigurationList = 0E41F7CD2939C05E000B6630 /* Build configuration list for PBXProject "Reciplease" */;
			compatibilityVersion = "Xcode 14.0";
			developmentRegion = en;
			hasScannedForEncodings = 0;
			knownRegions = (
				en,
				Base,
			);
			mainGroup = 0E41F7C92939C05E000B6630;
			productRefGroup = 0E41F7D32939C05E000B6630 /* Products */;
			projectDirPath = "";
			projectRoot = "";
			targets = (
				0E41F7D12939C05E000B6630 /* Reciplease */,
			);
		};
/* End PBXProject section */

/* Begin PBXResourcesBuildPhase section */
		0E41F7D02939C05E000B6630 /* Resources */ = {
			isa = PBXResourcesBuildPhase;
			buildActionMask = 2147483647;
			files = (
				0E41F7E52939C05F000B6630 /* LaunchScreen.storyboard in Resources */,
				0E41F7E22939C05F000B6630 /* Assets.xcassets in Resources */,
				0E41F7DD2939C05E000B6630 /* Main.storyboard in Resources */,
			);
			runOnlyForDeploymentPostprocessing = 0;
		};
/* End PBXResourcesBuildPhase section */

/* Begin PBXSourcesBuildPhase section */
		0E41F7CE2939C05E000B6630 /* Sources */ = {
			isa = PBXSourcesBuildPhase;
			buildActionMask = 2147483647;
			files = (
				0E41F7E02939C05E000B6630 /* Reciplease.xcdatamodeld in Sources */,
				0E1B6C51293DA5BB00A9CEBB /* Recipie.swift in Sources */,
				0E41F7F3293A0439000B6630 /* ExtensionsView.swift in Sources */,
				0EBE9F4D29402AC400843F55 /* Favorites.swift in Sources */,
				0EBE9FC02940BCD400843F55 /* FavoritesRepository.swift in Sources */,
				0E41F7DA2939C05E000B6630 /* ViewController.swift in Sources */,
				0E41F7D62939C05E000B6630 /* AppDelegate.swift in Sources */,
				0E41F7FA293A350A000B6630 /* RecipiesListViewController.swift in Sources */,
				0E1B6C53293DEDC200A9CEBB /* RecipiesService.swift in Sources */,
				0E41F81F293CCB37000B6630 /* RecipiesTableViewCell.swift in Sources */,
				0E41F7F7293A0567000B6630 /* TabBarView.swift in Sources */,
				0E1B6C58293F030800A9CEBB /* ResumeViewController.swift in Sources */,
				0E1B6C55293E00AF00A9CEBB /* NetworkError.swift in Sources */,
				0E1B6C4E293D9AD500A9CEBB /* RecipiesJSON.swift in Sources */,
				0E41F7D82939C05E000B6630 /* SceneDelegate.swift in Sources */,
			);
			runOnlyForDeploymentPostprocessing = 0;
		};
/* End PBXSourcesBuildPhase section */

/* Begin PBXVariantGroup section */
		0E41F7DB2939C05E000B6630 /* Main.storyboard */ = {
			isa = PBXVariantGroup;
			children = (
				0E41F7DC2939C05E000B6630 /* Base */,
			);
			name = Main.storyboard;
			sourceTree = "<group>";
		};
		0E41F7E32939C05F000B6630 /* LaunchScreen.storyboard */ = {
			isa = PBXVariantGroup;
			children = (
				0E41F7E42939C05F000B6630 /* Base */,
			);
			name = LaunchScreen.storyboard;
			sourceTree = "<group>";
		};
/* End PBXVariantGroup section */

/* Begin XCBuildConfiguration section */
		0E41F7E72939C05F000B6630 /* Debug */ = {
			isa = XCBuildConfiguration;
			buildSettings = {
				ALWAYS_SEARCH_USER_PATHS = NO;
				CLANG_ANALYZER_NONNULL = YES;
				CLANG_ANALYZER_NUMBER_OBJECT_CONVERSION = YES_AGGRESSIVE;
				CLANG_CXX_LANGUAGE_STANDARD = "gnu++20";
				CLANG_ENABLE_MODULES = YES;
				CLANG_ENABLE_OBJC_ARC = YES;
				CLANG_ENABLE_OBJC_WEAK = YES;
				CLANG_WARN_BLOCK_CAPTURE_AUTORELEASING = YES;
				CLANG_WARN_BOOL_CONVERSION = YES;
				CLANG_WARN_COMMA = YES;
				CLANG_WARN_CONSTANT_CONVERSION = YES;
				CLANG_WARN_DEPRECATED_OBJC_IMPLEMENTATIONS = YES;
				CLANG_WARN_DIRECT_OBJC_ISA_USAGE = YES_ERROR;
				CLANG_WARN_DOCUMENTATION_COMMENTS = YES;
				CLANG_WARN_EMPTY_BODY = YES;
				CLANG_WARN_ENUM_CONVERSION = YES;
				CLANG_WARN_INFINITE_RECURSION = YES;
				CLANG_WARN_INT_CONVERSION = YES;
				CLANG_WARN_NON_LITERAL_NULL_CONVERSION = YES;
				CLANG_WARN_OBJC_IMPLICIT_RETAIN_SELF = YES;
				CLANG_WARN_OBJC_LITERAL_CONVERSION = YES;
				CLANG_WARN_OBJC_ROOT_CLASS = YES_ERROR;
				CLANG_WARN_QUOTED_INCLUDE_IN_FRAMEWORK_HEADER = YES;
				CLANG_WARN_RANGE_LOOP_ANALYSIS = YES;
				CLANG_WARN_STRICT_PROTOTYPES = YES;
				CLANG_WARN_SUSPICIOUS_MOVE = YES;
				CLANG_WARN_UNGUARDED_AVAILABILITY = YES_AGGRESSIVE;
				CLANG_WARN_UNREACHABLE_CODE = YES;
				CLANG_WARN__DUPLICATE_METHOD_MATCH = YES;
				COPY_PHASE_STRIP = NO;
				DEBUG_INFORMATION_FORMAT = dwarf;
				ENABLE_STRICT_OBJC_MSGSEND = YES;
				ENABLE_TESTABILITY = YES;
				GCC_C_LANGUAGE_STANDARD = gnu11;
				GCC_DYNAMIC_NO_PIC = NO;
				GCC_NO_COMMON_BLOCKS = YES;
				GCC_OPTIMIZATION_LEVEL = 0;
				GCC_PREPROCESSOR_DEFINITIONS = (
					"DEBUG=1",
					"$(inherited)",
				);
				GCC_WARN_64_TO_32_BIT_CONVERSION = YES;
				GCC_WARN_ABOUT_RETURN_TYPE = YES_ERROR;
				GCC_WARN_UNDECLARED_SELECTOR = YES;
				GCC_WARN_UNINITIALIZED_AUTOS = YES_AGGRESSIVE;
				GCC_WARN_UNUSED_FUNCTION = YES;
				GCC_WARN_UNUSED_VARIABLE = YES;
				IPHONEOS_DEPLOYMENT_TARGET = 16.1;
				MTL_ENABLE_DEBUG_INFO = INCLUDE_SOURCE;
				MTL_FAST_MATH = YES;
				ONLY_ACTIVE_ARCH = YES;
				SDKROOT = iphoneos;
				SWIFT_ACTIVE_COMPILATION_CONDITIONS = DEBUG;
				SWIFT_OPTIMIZATION_LEVEL = "-Onone";
			};
			name = Debug;
		};
		0E41F7E82939C05F000B6630 /* Release */ = {
			isa = XCBuildConfiguration;
			buildSettings = {
				ALWAYS_SEARCH_USER_PATHS = NO;
				CLANG_ANALYZER_NONNULL = YES;
				CLANG_ANALYZER_NUMBER_OBJECT_CONVERSION = YES_AGGRESSIVE;
				CLANG_CXX_LANGUAGE_STANDARD = "gnu++20";
				CLANG_ENABLE_MODULES = YES;
				CLANG_ENABLE_OBJC_ARC = YES;
				CLANG_ENABLE_OBJC_WEAK = YES;
				CLANG_WARN_BLOCK_CAPTURE_AUTORELEASING = YES;
				CLANG_WARN_BOOL_CONVERSION = YES;
				CLANG_WARN_COMMA = YES;
				CLANG_WARN_CONSTANT_CONVERSION = YES;
				CLANG_WARN_DEPRECATED_OBJC_IMPLEMENTATIONS = YES;
				CLANG_WARN_DIRECT_OBJC_ISA_USAGE = YES_ERROR;
				CLANG_WARN_DOCUMENTATION_COMMENTS = YES;
				CLANG_WARN_EMPTY_BODY = YES;
				CLANG_WARN_ENUM_CONVERSION = YES;
				CLANG_WARN_INFINITE_RECURSION = YES;
				CLANG_WARN_INT_CONVERSION = YES;
				CLANG_WARN_NON_LITERAL_NULL_CONVERSION = YES;
				CLANG_WARN_OBJC_IMPLICIT_RETAIN_SELF = YES;
				CLANG_WARN_OBJC_LITERAL_CONVERSION = YES;
				CLANG_WARN_OBJC_ROOT_CLASS = YES_ERROR;
				CLANG_WARN_QUOTED_INCLUDE_IN_FRAMEWORK_HEADER = YES;
				CLANG_WARN_RANGE_LOOP_ANALYSIS = YES;
				CLANG_WARN_STRICT_PROTOTYPES = YES;
				CLANG_WARN_SUSPICIOUS_MOVE = YES;
				CLANG_WARN_UNGUARDED_AVAILABILITY = YES_AGGRESSIVE;
				CLANG_WARN_UNREACHABLE_CODE = YES;
				CLANG_WARN__DUPLICATE_METHOD_MATCH = YES;
				COPY_PHASE_STRIP = NO;
				DEBUG_INFORMATION_FORMAT = "dwarf-with-dsym";
				ENABLE_NS_ASSERTIONS = NO;
				ENABLE_STRICT_OBJC_MSGSEND = YES;
				GCC_C_LANGUAGE_STANDARD = gnu11;
				GCC_NO_COMMON_BLOCKS = YES;
				GCC_WARN_64_TO_32_BIT_CONVERSION = YES;
				GCC_WARN_ABOUT_RETURN_TYPE = YES_ERROR;
				GCC_WARN_UNDECLARED_SELECTOR = YES;
				GCC_WARN_UNINITIALIZED_AUTOS = YES_AGGRESSIVE;
				GCC_WARN_UNUSED_FUNCTION = YES;
				GCC_WARN_UNUSED_VARIABLE = YES;
				IPHONEOS_DEPLOYMENT_TARGET = 16.1;
				MTL_ENABLE_DEBUG_INFO = NO;
				MTL_FAST_MATH = YES;
				SDKROOT = iphoneos;
				SWIFT_COMPILATION_MODE = wholemodule;
				SWIFT_OPTIMIZATION_LEVEL = "-O";
				VALIDATE_PRODUCT = YES;
			};
			name = Release;
		};
		0E41F7EA2939C05F000B6630 /* Debug */ = {
			isa = XCBuildConfiguration;
			buildSettings = {
				ASSETCATALOG_COMPILER_APPICON_NAME = AppIcon;
				ASSETCATALOG_COMPILER_GLOBAL_ACCENT_COLOR_NAME = AccentColor;
				CODE_SIGN_STYLE = Automatic;
				CURRENT_PROJECT_VERSION = 1;
				DEVELOPMENT_TEAM = SH7JJZG8WD;
				GENERATE_INFOPLIST_FILE = YES;
				INFOPLIST_FILE = Reciplease/Info.plist;
				INFOPLIST_KEY_UIApplicationSupportsIndirectInputEvents = YES;
				INFOPLIST_KEY_UILaunchStoryboardName = LaunchScreen;
				INFOPLIST_KEY_UIMainStoryboardFile = Main;
				INFOPLIST_KEY_UISupportedInterfaceOrientations = UIInterfaceOrientationPortrait;
				INFOPLIST_KEY_UISupportedInterfaceOrientations_iPad = "UIInterfaceOrientationLandscapeLeft UIInterfaceOrientationLandscapeRight UIInterfaceOrientationPortrait UIInterfaceOrientationPortraitUpsideDown";
				LD_RUNPATH_SEARCH_PATHS = (
					"$(inherited)",
					"@executable_path/Frameworks",
				);
				MARKETING_VERSION = 1.0;
				PRODUCT_BUNDLE_IDENTIFIER = Hour.Reciplease;
				PRODUCT_NAME = "$(TARGET_NAME)";
				SUPPORTED_PLATFORMS = "iphoneos iphonesimulator";
				SUPPORTS_MACCATALYST = NO;
				SUPPORTS_MAC_DESIGNED_FOR_IPHONE_IPAD = NO;
				SWIFT_EMIT_LOC_STRINGS = YES;
				SWIFT_VERSION = 5.0;
				TARGETED_DEVICE_FAMILY = 1;
			};
			name = Debug;
		};
		0E41F7EB2939C05F000B6630 /* Release */ = {
			isa = XCBuildConfiguration;
			buildSettings = {
				ASSETCATALOG_COMPILER_APPICON_NAME = AppIcon;
				ASSETCATALOG_COMPILER_GLOBAL_ACCENT_COLOR_NAME = AccentColor;
				CODE_SIGN_STYLE = Automatic;
				CURRENT_PROJECT_VERSION = 1;
				DEVELOPMENT_TEAM = SH7JJZG8WD;
				GENERATE_INFOPLIST_FILE = YES;
				INFOPLIST_FILE = Reciplease/Info.plist;
				INFOPLIST_KEY_UIApplicationSupportsIndirectInputEvents = YES;
				INFOPLIST_KEY_UILaunchStoryboardName = LaunchScreen;
				INFOPLIST_KEY_UIMainStoryboardFile = Main;
				INFOPLIST_KEY_UISupportedInterfaceOrientations = UIInterfaceOrientationPortrait;
				INFOPLIST_KEY_UISupportedInterfaceOrientations_iPad = "UIInterfaceOrientationLandscapeLeft UIInterfaceOrientationLandscapeRight UIInterfaceOrientationPortrait UIInterfaceOrientationPortraitUpsideDown";
				LD_RUNPATH_SEARCH_PATHS = (
					"$(inherited)",
					"@executable_path/Frameworks",
				);
				MARKETING_VERSION = 1.0;
				PRODUCT_BUNDLE_IDENTIFIER = Hour.Reciplease;
				PRODUCT_NAME = "$(TARGET_NAME)";
				SUPPORTED_PLATFORMS = "iphoneos iphonesimulator";
				SUPPORTS_MACCATALYST = NO;
				SUPPORTS_MAC_DESIGNED_FOR_IPHONE_IPAD = NO;
				SWIFT_EMIT_LOC_STRINGS = YES;
				SWIFT_VERSION = 5.0;
				TARGETED_DEVICE_FAMILY = 1;
			};
			name = Release;
		};
/* End XCBuildConfiguration section */

/* Begin XCConfigurationList section */
		0E41F7CD2939C05E000B6630 /* Build configuration list for PBXProject "Reciplease" */ = {
			isa = XCConfigurationList;
			buildConfigurations = (
				0E41F7E72939C05F000B6630 /* Debug */,
				0E41F7E82939C05F000B6630 /* Release */,
			);
			defaultConfigurationIsVisible = 0;
			defaultConfigurationName = Release;
		};
		0E41F7E92939C05F000B6630 /* Build configuration list for PBXNativeTarget "Reciplease" */ = {
			isa = XCConfigurationList;
			buildConfigurations = (
				0E41F7EA2939C05F000B6630 /* Debug */,
				0E41F7EB2939C05F000B6630 /* Release */,
			);
			defaultConfigurationIsVisible = 0;
			defaultConfigurationName = Release;
		};
/* End XCConfigurationList section */

/* Begin XCVersionGroup section */
		0E41F7DE2939C05E000B6630 /* Reciplease.xcdatamodeld */ = {
			isa = XCVersionGroup;
			children = (
				0E41F7DF2939C05E000B6630 /* Reciplease.xcdatamodel */,
			);
			currentVersion = 0E41F7DF2939C05E000B6630 /* Reciplease.xcdatamodel */;
			path = Reciplease.xcdatamodeld;
			sourceTree = "<group>";
			versionGroupType = wrapper.xcdatamodel;
		};
/* End XCVersionGroup section */
	};
	rootObject = 0E41F7CA2939C05E000B6630 /* Project object */;
}
